
Microsoft Visual Studio Solution File, Format Version 12.00
# Visual Studio Version 16
VisualStudioVersion = 16.0.29006.145
MinimumVisualStudioVersion = 10.0.40219.1
Project("{9A19103F-16F7-4668-BE54-9A1E7A4F7556}") = "FoxyLink.Core", "src\FoxyLink.Core\FoxyLink.Core.csproj", "{FBECA9D3-6BFC-42C4-A4BD-E3F0DF5DEDEB}"
EndProject
Project("{9A19103F-16F7-4668-BE54-9A1E7A4F7556}") = "FoxyLink.GlobalConfiguration", "src\FoxyLink.GlobalConfiguration\FoxyLink.GlobalConfiguration.csproj", "{6BF698E0-3468-49FF-AAC6-D652EC1DE7D2}"
EndProject
Project("{FAE04EC0-301F-11D3-BF4B-00C04F79EFBC}") = "FoxyLink.RabbitMQ", "src\FoxyLink.RabbitMQ\FoxyLink.RabbitMQ.csproj", "{E119130D-9D48-463D-A294-FBEEC3058BBB}"
EndProject
Global
	GlobalSection(SolutionConfigurationPlatforms) = preSolution
		Debug|Any CPU = Debug|Any CPU
		Release|Any CPU = Release|Any CPU
	EndGlobalSection
	GlobalSection(ProjectConfigurationPlatforms) = postSolution
		{FBECA9D3-6BFC-42C4-A4BD-E3F0DF5DEDEB}.Debug|Any CPU.ActiveCfg = Debug|Any CPU
		{FBECA9D3-6BFC-42C4-A4BD-E3F0DF5DEDEB}.Debug|Any CPU.Build.0 = Debug|Any CPU
		{FBECA9D3-6BFC-42C4-A4BD-E3F0DF5DEDEB}.Release|Any CPU.ActiveCfg = Release|Any CPU
		{FBECA9D3-6BFC-42C4-A4BD-E3F0DF5DEDEB}.Release|Any CPU.Build.0 = Release|Any CPU
		{6BF698E0-3468-49FF-AAC6-D652EC1DE7D2}.Debug|Any CPU.ActiveCfg = Debug|Any CPU
		{6BF698E0-3468-49FF-AAC6-D652EC1DE7D2}.Debug|Any CPU.Build.0 = Debug|Any CPU
		{6BF698E0-3468-49FF-AAC6-D652EC1DE7D2}.Release|Any CPU.ActiveCfg = Release|Any CPU
		{6BF698E0-3468-49FF-AAC6-D652EC1DE7D2}.Release|Any CPU.Build.0 = Release|Any CPU
		{E119130D-9D48-463D-A294-FBEEC3058BBB}.Debug|Any CPU.ActiveCfg = Debug|Any CPU
		{E119130D-9D48-463D-A294-FBEEC3058BBB}.Debug|Any CPU.Build.0 = Debug|Any CPU
		{E119130D-9D48-463D-A294-FBEEC3058BBB}.Release|Any CPU.ActiveCfg = Release|Any CPU
		{E119130D-9D48-463D-A294-FBEEC3058BBB}.Release|Any CPU.Build.0 = Release|Any CPU
	EndGlobalSection
	GlobalSection(SolutionProperties) = preSolution
		HideSolutionNode = FALSE
	EndGlobalSection
	GlobalSection(ExtensibilityGlobals) = postSolution
		SolutionGuid = {927357E3-272D-4262-8289-B458424A5CF3}
	EndGlobalSection
EndGlobal
